
Microsoft Visual Studio Solution File, Format Version 12.00
# Visual Studio Version 17
VisualStudioVersion = 17.3.32929.385
MinimumVisualStudioVersion = 10.0.40219.1
Project("{9A19103F-16F7-4668-BE54-9A1E7A4F7556}") = "APIMusicamin", "APIMusicamin.csproj", "{DD439C19-A3AD-4359-BEB9-57BB7A77DFA3}"
EndProject
Global
	GlobalSection(SolutionConfigurationPlatforms) = preSolution
		Debug|Any CPU = Debug|Any CPU
		Release|Any CPU = Release|Any CPU
	EndGlobalSection
	GlobalSection(ProjectConfigurationPlatforms) = postSolution
		{DD439C19-A3AD-4359-BEB9-57BB7A77DFA3}.Debug|Any CPU.ActiveCfg = Debug|Any CPU
		{DD439C19-A3AD-4359-BEB9-57BB7A77DFA3}.Debug|Any CPU.Build.0 = Debug|Any CPU
		{DD439C19-A3AD-4359-BEB9-57BB7A77DFA3}.Release|Any CPU.ActiveCfg = Release|Any CPU
		{DD439C19-A3AD-4359-BEB9-57BB7A77DFA3}.Release|Any CPU.Build.0 = Release|Any CPU
	EndGlobalSection
	GlobalSection(SolutionProperties) = preSolution
		HideSolutionNode = FALSE
	EndGlobalSection
	GlobalSection(ExtensibilityGlobals) = postSolution
		SolutionGuid = {C9CBA691-F628-4302-82F7-F12A7AE0373E}
	EndGlobalSection
EndGlobal
